PODS:
  - Flutter (1.0.0)
  - google_places_picker (0.0.1):
    - Flutter
    - GoogleMaps (~> 3.10)
    - GooglePlaces (~> 3.10)
  - GoogleMaps (3.10.0):
    - GoogleMaps/Maps (= 3.10.0)
  - GoogleMaps/Base (3.10.0)
  - GoogleMaps/Maps (3.10.0):
    - GoogleMaps/Base
  - GooglePlaces (3.10.0):
    - GoogleMaps/Base (= 3.10.0)

DEPENDENCIES:
  - Flutter (from `Flutter`)
  - google_places_picker (from `.symlinks/plugins/google_places_picker/ios`)

SPEC REPOS:
  trunk:
    - GoogleMaps
    - GooglePlaces

EXTERNAL SOURCES:
  Flutter:
    :path: Flutter
  google_places_picker:
    :path: ".symlinks/plugins/google_places_picker/ios"

SPEC CHECKSUMS:
  Flutter: 0e3d915762c693b495b44d77113d4970485de6ec
  google_places_picker: dee1165fa5adbc7e0b896106cc17c4bb3db05fca
  GoogleMaps: 8c080862ff2748ece9929471b30feb56a6c5079d
  GooglePlaces: 9a6f5f3a0c88da2aa1bf7426a65d3e004f5e69a1

PODFILE CHECKSUM: 8e679eca47255a8ca8067c4c67aab20e64cb974d

COCOAPODS: 1.9.3
